
Microsoft Visual Studio Solution File, Format Version 12.00
# Visual Studio Version 16
VisualStudioVersion = 16.0.29509.3
MinimumVisualStudioVersion = 10.0.40219.1
Project("{FAE04EC0-301F-11D3-BF4B-00C04F79EFBC}") = "28-04-2020-csharp-datatypes-functions-NovruzRG", "28-04-2020-csharp-datatypes-functions-NovruzRG\28-04-2020-csharp-datatypes-functions-NovruzRG.csproj", "{7959D617-5E84-4A7F-A49E-BB1ED223189C}"
EndProject
Global
	GlobalSection(SolutionConfigurationPlatforms) = preSolution
		Debug|Any CPU = Debug|Any CPU
		Release|Any CPU = Release|Any CPU
	EndGlobalSection
	GlobalSection(ProjectConfigurationPlatforms) = postSolution
		{7959D617-5E84-4A7F-A49E-BB1ED223189C}.Debug|Any CPU.ActiveCfg = Debug|Any CPU
		{7959D617-5E84-4A7F-A49E-BB1ED223189C}.Debug|Any CPU.Build.0 = Debug|Any CPU
		{7959D617-5E84-4A7F-A49E-BB1ED223189C}.Release|Any CPU.ActiveCfg = Release|Any CPU
		{7959D617-5E84-4A7F-A49E-BB1ED223189C}.Release|Any CPU.Build.0 = Release|Any CPU
	EndGlobalSection
	GlobalSection(SolutionProperties) = preSolution
		HideSolutionNode = FALSE
	EndGlobalSection
	GlobalSection(ExtensibilityGlobals) = postSolution
		SolutionGuid = {6BD48772-8586-4A3D-97F6-4678FFDE5B82}
	EndGlobalSection
EndGlobal
